{
  "requires": true,
  "lockfileVersion": 1,
  "dependencies": {
    "@react-native-material/core": {
      "version": "1.3.7",
      "resolved": "https://registry.npmjs.org/@react-native-material/core/-/core-1.3.7.tgz",
      "integrity": "sha512-N5d/zKrmL3+fVyWsc/jFRxsDl59N5t3tYx9RlxhV04tQlcFKo9UlyBqCWDZFlxrkLrq3JY5zTRCMJAM3yvOz5w==",
      "requires": {
        "chroma-js": "^2.4.2",
        "react-native-flex-layout": "^0.1.5"
      }
    },
    "chroma-js": {
      "version": "2.4.2",
      "resolved": "https://registry.npmjs.org/chroma-js/-/chroma-js-2.4.2.tgz",
      "integrity": "sha512-U9eDw6+wt7V8z5NncY2jJfZa+hUH8XEj8FQHgFJTrUFnJfXYf4Ml4adI2vXZOjqRDpFWtYVWypDfZwnJ+HIR4A=="
    },
    "react-native-flex-layout": {
      "version": "0.1.5",
      "resolved": "https://registry.npmjs.org/react-native-flex-layout/-/react-native-flex-layout-0.1.5.tgz",
      "integrity": "sha512-DrLir5Wl0RhgJXHeDBSaa1Y1LdpNuoz0PEe5E1T1+xVWt2DAz/r+1N8bnhtVkTKJE6WrH6jIH2hoe8kogR0X+w=="
    }
  }
}
